
Microsoft Visual Studio Solution File, Format Version 11.00
# Visual Studio 2010
Project("{2150E333-8FDC-42A3-9474-1A3956D46DE8}") = "Sistema Local", "Sistema Local", "{35B31709-4558-4D71-986C-B0BFFDB5AC96}"
EndProject
Project("{FAE04EC0-301F-11D3-BF4B-00C04F79EFBC}") = "IMJWeb.Dominio", "IMJWeb.Dominio\IMJWeb.Dominio.csproj", "{37A16748-A940-4413-A6E1-6D84271ECEED}"
EndProject
Project("{FAE04EC0-301F-11D3-BF4B-00C04F79EFBC}") = "IMJWeb.Dominio.Util", "IMJWeb.Dominio.Util\IMJWeb.Dominio.Util.csproj", "{C15FB3DE-AB95-4393-98CF-0F1A6F7B30A5}"
EndProject
Project("{FAE04EC0-301F-11D3-BF4B-00C04F79EFBC}") = "IMJWeb.DAO", "IMJWeb.DAO\IMJWeb.DAO.csproj", "{7F2DC403-8758-4C0C-A0C2-C55EE84BE3E9}"
EndProject
Project("{FAE04EC0-301F-11D3-BF4B-00C04F79EFBC}") = "IMJWeb.DAO.EF", "IMJWeb.DAO.EF\IMJWeb.DAO.EF.csproj", "{E06651A2-3E78-4051-AD50-8E7A9633EC95}"
EndProject
Project("{FAE04EC0-301F-11D3-BF4B-00C04F79EFBC}") = "IMJWeb.Servico", "IMJWeb.Servico\IMJWeb.Servico.csproj", "{99FDB666-B181-4796-B586-6576B0701E9E}"
EndProject
Project("{FAE04EC0-301F-11D3-BF4B-00C04F79EFBC}") = "IMJWeb", "IMJWeb\IMJWeb.csproj", "{468B335E-7803-4717-A1E7-E961C085E00C}"
EndProject
Project("{FAE04EC0-301F-11D3-BF4B-00C04F79EFBC}") = "IMJWeb.Sincronizacao.Internet", "IMJWeb.Sincronizacao.Internet\IMJWeb.Sincronizacao.Internet.csproj", "{C4256551-ECE9-43FB-B0EA-24C8862669FA}"
EndProject
Project("{FAE04EC0-301F-11D3-BF4B-00C04F79EFBC}") = "IMJWeb.Sincronizacao.Local", "IMJWeb.Sincronizacao.Local\IMJWeb.Sincronizacao.Local.csproj", "{A0AAC1B2-E6CC-4B57-A48D-8ADCAB1D5A3A}"
EndProject
Project("{FAE04EC0-301F-11D3-BF4B-00C04F79EFBC}") = "Acesso.Comum", "..\Programação\Indústria Mineira de Jóias\Acesso.Comum\Acesso.Comum.csproj", "{48DA2925-CF1F-4875-8A00-6851C7ABEEB8}"
EndProject
Project("{FAE04EC0-301F-11D3-BF4B-00C04F79EFBC}") = "Acesso - MySQL", "..\Programação\Indústria Mineira de Jóias\Acesso - MySQL\Acesso - MySQL.csproj", "{8490E476-B38E-4405-A1B2-24BF7F20343F}"
EndProject
Project("{FAE04EC0-301F-11D3-BF4B-00C04F79EFBC}") = "Entidades", "..\Programação\Indústria Mineira de Jóias\Entidades\Entidades.csproj", "{E1A76D2D-85F3-4202-B316-3C6BDD3220F9}"
EndProject
Project("{2150E333-8FDC-42A3-9474-1A3956D46DE8}") = "Nuvem", "Nuvem", "{A22B2367-3681-469E-A2D9-5CA77AA1AFEA}"
EndProject
Project("{CC5FD16D-436D-48AD-A40C-5A424C6E3E79}") = "IMJWeb.Azure", "IMJWeb.Azure\IMJWeb.Azure.ccproj", "{F315C899-A620-408B-85F9-5FEF8EBEE66E}"
EndProject
Project("{FAE04EC0-301F-11D3-BF4B-00C04F79EFBC}") = "IMJWeb.Azure.Web", "IMJWeb.Azure.Web\IMJWeb.Azure.Web.csproj", "{6F003C40-F575-4888-9D7D-60E24412C708}"
EndProject
Project("{FAE04EC0-301F-11D3-BF4B-00C04F79EFBC}") = "IMJWeb.Dominio.Azure", "IMJWeb.Dominio.Azure\IMJWeb.Dominio.Azure.csproj", "{524AA790-D988-4152-8BD4-D4722995FA86}"
EndProject
Project("{FAE04EC0-301F-11D3-BF4B-00C04F79EFBC}") = "IMJWeb.DAO.Azure", "IMJWeb.DAO.Azure\IMJWeb.DAO.Azure.csproj", "{7D8788C9-AD6F-46A0-8AA2-7EB800D385B6}"
EndProject
Global
	GlobalSection(SolutionConfigurationPlatforms) = preSolution
		Debug|Any CPU = Debug|Any CPU
		Release|Any CPU = Release|Any CPU
	EndGlobalSection
	GlobalSection(ProjectConfigurationPlatforms) = postSolution
		{37A16748-A940-4413-A6E1-6D84271ECEED}.Debug|Any CPU.ActiveCfg = Debug|Any CPU
		{37A16748-A940-4413-A6E1-6D84271ECEED}.Debug|Any CPU.Build.0 = Debug|Any CPU
		{37A16748-A940-4413-A6E1-6D84271ECEED}.Release|Any CPU.ActiveCfg = Release|Any CPU
		{37A16748-A940-4413-A6E1-6D84271ECEED}.Release|Any CPU.Build.0 = Release|Any CPU
		{C15FB3DE-AB95-4393-98CF-0F1A6F7B30A5}.Debug|Any CPU.ActiveCfg = Debug|Any CPU
		{C15FB3DE-AB95-4393-98CF-0F1A6F7B30A5}.Debug|Any CPU.Build.0 = Debug|Any CPU
		{C15FB3DE-AB95-4393-98CF-0F1A6F7B30A5}.Release|Any CPU.ActiveCfg = Release|Any CPU
		{C15FB3DE-AB95-4393-98CF-0F1A6F7B30A5}.Release|Any CPU.Build.0 = Release|Any CPU
		{7F2DC403-8758-4C0C-A0C2-C55EE84BE3E9}.Debug|Any CPU.ActiveCfg = Debug|Any CPU
		{7F2DC403-8758-4C0C-A0C2-C55EE84BE3E9}.Debug|Any CPU.Build.0 = Debug|Any CPU
		{7F2DC403-8758-4C0C-A0C2-C55EE84BE3E9}.Release|Any CPU.ActiveCfg = Release|Any CPU
		{7F2DC403-8758-4C0C-A0C2-C55EE84BE3E9}.Release|Any CPU.Build.0 = Release|Any CPU
		{E06651A2-3E78-4051-AD50-8E7A9633EC95}.Debug|Any CPU.ActiveCfg = Debug|Any CPU
		{E06651A2-3E78-4051-AD50-8E7A9633EC95}.Debug|Any CPU.Build.0 = Debug|Any CPU
		{E06651A2-3E78-4051-AD50-8E7A9633EC95}.Release|Any CPU.ActiveCfg = Release|Any CPU
		{E06651A2-3E78-4051-AD50-8E7A9633EC95}.Release|Any CPU.Build.0 = Release|Any CPU
		{99FDB666-B181-4796-B586-6576B0701E9E}.Debug|Any CPU.ActiveCfg = Debug|Any CPU
		{99FDB666-B181-4796-B586-6576B0701E9E}.Debug|Any CPU.Build.0 = Debug|Any CPU
		{99FDB666-B181-4796-B586-6576B0701E9E}.Release|Any CPU.ActiveCfg = Release|Any CPU
		{99FDB666-B181-4796-B586-6576B0701E9E}.Release|Any CPU.Build.0 = Release|Any CPU
		{468B335E-7803-4717-A1E7-E961C085E00C}.Debug|Any CPU.ActiveCfg = Debug|Any CPU
		{468B335E-7803-4717-A1E7-E961C085E00C}.Debug|Any CPU.Build.0 = Debug|Any CPU
		{468B335E-7803-4717-A1E7-E961C085E00C}.Release|Any CPU.ActiveCfg = Release|Any CPU
		{468B335E-7803-4717-A1E7-E961C085E00C}.Release|Any CPU.Build.0 = Release|Any CPU
		{C4256551-ECE9-43FB-B0EA-24C8862669FA}.Debug|Any CPU.ActiveCfg = Debug|Any CPU
		{C4256551-ECE9-43FB-B0EA-24C8862669FA}.Debug|Any CPU.Build.0 = Debug|Any CPU
		{C4256551-ECE9-43FB-B0EA-24C8862669FA}.Release|Any CPU.ActiveCfg = Release|Any CPU
		{C4256551-ECE9-43FB-B0EA-24C8862669FA}.Release|Any CPU.Build.0 = Release|Any CPU
		{A0AAC1B2-E6CC-4B57-A48D-8ADCAB1D5A3A}.Debug|Any CPU.ActiveCfg = Debug|Any CPU
		{A0AAC1B2-E6CC-4B57-A48D-8ADCAB1D5A3A}.Debug|Any CPU.Build.0 = Debug|Any CPU
		{A0AAC1B2-E6CC-4B57-A48D-8ADCAB1D5A3A}.Release|Any CPU.ActiveCfg = Release|Any CPU
		{A0AAC1B2-E6CC-4B57-A48D-8ADCAB1D5A3A}.Release|Any CPU.Build.0 = Release|Any CPU
		{48DA2925-CF1F-4875-8A00-6851C7ABEEB8}.Debug|Any CPU.ActiveCfg = Debug|Any CPU
		{48DA2925-CF1F-4875-8A00-6851C7ABEEB8}.Debug|Any CPU.Build.0 = Debug|Any CPU
		{48DA2925-CF1F-4875-8A00-6851C7ABEEB8}.Release|Any CPU.ActiveCfg = Release|Any CPU
		{48DA2925-CF1F-4875-8A00-6851C7ABEEB8}.Release|Any CPU.Build.0 = Release|Any CPU
		{8490E476-B38E-4405-A1B2-24BF7F20343F}.Debug|Any CPU.ActiveCfg = Debug|Any CPU
		{8490E476-B38E-4405-A1B2-24BF7F20343F}.Debug|Any CPU.Build.0 = Debug|Any CPU
		{8490E476-B38E-4405-A1B2-24BF7F20343F}.Release|Any CPU.ActiveCfg = Release|Any CPU
		{8490E476-B38E-4405-A1B2-24BF7F20343F}.Release|Any CPU.Build.0 = Release|Any CPU
		{E1A76D2D-85F3-4202-B316-3C6BDD3220F9}.Debug|Any CPU.ActiveCfg = Debug|Any CPU
		{E1A76D2D-85F3-4202-B316-3C6BDD3220F9}.Debug|Any CPU.Build.0 = Debug|Any CPU
		{E1A76D2D-85F3-4202-B316-3C6BDD3220F9}.Release|Any CPU.ActiveCfg = Release|Any CPU
		{E1A76D2D-85F3-4202-B316-3C6BDD3220F9}.Release|Any CPU.Build.0 = Release|Any CPU
		{F315C899-A620-408B-85F9-5FEF8EBEE66E}.Debug|Any CPU.ActiveCfg = Debug|Any CPU
		{F315C899-A620-408B-85F9-5FEF8EBEE66E}.Debug|Any CPU.Build.0 = Debug|Any CPU
		{F315C899-A620-408B-85F9-5FEF8EBEE66E}.Release|Any CPU.ActiveCfg = Release|Any CPU
		{F315C899-A620-408B-85F9-5FEF8EBEE66E}.Release|Any CPU.Build.0 = Release|Any CPU
		{6F003C40-F575-4888-9D7D-60E24412C708}.Debug|Any CPU.ActiveCfg = Debug|Any CPU
		{6F003C40-F575-4888-9D7D-60E24412C708}.Debug|Any CPU.Build.0 = Debug|Any CPU
		{6F003C40-F575-4888-9D7D-60E24412C708}.Release|Any CPU.ActiveCfg = Release|Any CPU
		{6F003C40-F575-4888-9D7D-60E24412C708}.Release|Any CPU.Build.0 = Release|Any CPU
		{524AA790-D988-4152-8BD4-D4722995FA86}.Debug|Any CPU.ActiveCfg = Debug|Any CPU
		{524AA790-D988-4152-8BD4-D4722995FA86}.Debug|Any CPU.Build.0 = Debug|Any CPU
		{524AA790-D988-4152-8BD4-D4722995FA86}.Release|Any CPU.ActiveCfg = Release|Any CPU
		{524AA790-D988-4152-8BD4-D4722995FA86}.Release|Any CPU.Build.0 = Release|Any CPU
		{7D8788C9-AD6F-46A0-8AA2-7EB800D385B6}.Debug|Any CPU.ActiveCfg = Debug|Any CPU
		{7D8788C9-AD6F-46A0-8AA2-7EB800D385B6}.Debug|Any CPU.Build.0 = Debug|Any CPU
		{7D8788C9-AD6F-46A0-8AA2-7EB800D385B6}.Release|Any CPU.ActiveCfg = Release|Any CPU
		{7D8788C9-AD6F-46A0-8AA2-7EB800D385B6}.Release|Any CPU.Build.0 = Release|Any CPU
	EndGlobalSection
	GlobalSection(SolutionProperties) = preSolution
		HideSolutionNode = FALSE
	EndGlobalSection
	GlobalSection(NestedProjects) = preSolution
		{48DA2925-CF1F-4875-8A00-6851C7ABEEB8} = {35B31709-4558-4D71-986C-B0BFFDB5AC96}
		{8490E476-B38E-4405-A1B2-24BF7F20343F} = {35B31709-4558-4D71-986C-B0BFFDB5AC96}
		{E1A76D2D-85F3-4202-B316-3C6BDD3220F9} = {35B31709-4558-4D71-986C-B0BFFDB5AC96}
		{F315C899-A620-408B-85F9-5FEF8EBEE66E} = {A22B2367-3681-469E-A2D9-5CA77AA1AFEA}
		{6F003C40-F575-4888-9D7D-60E24412C708} = {A22B2367-3681-469E-A2D9-5CA77AA1AFEA}
		{524AA790-D988-4152-8BD4-D4722995FA86} = {A22B2367-3681-469E-A2D9-5CA77AA1AFEA}
		{7D8788C9-AD6F-46A0-8AA2-7EB800D385B6} = {A22B2367-3681-469E-A2D9-5CA77AA1AFEA}
	EndGlobalSection
EndGlobal
