Microsoft Visual Studio Solution File, Format Version 8.00
Project("{FAE04EC0-301F-11D3-BF4B-00C04F79EFBC}") = "Estatística.Db", "Estatística.Db.csproj", "{417E2977-B1BF-4FCE-B3F4-C55979EBA58A}"
	ProjectSection(ProjectDependencies) = postProject
	EndProjectSection
EndProject
Project("{FAE04EC0-301F-11D3-BF4B-00C04F79EFBC}") = "Estatística.Db.Visualizador", "..\Estatística.Db.Visualizador\Estatística.Db.Visualizador.csproj", "{E1FBB73F-734A-4643-ACF9-0251F36F857E}"
	ProjectSection(ProjectDependencies) = postProject
	EndProjectSection
EndProject
Project("{FAE04EC0-301F-11D3-BF4B-00C04F79EFBC}") = "Estatística", "..\Estatística\Estatística.csproj", "{C5A4339F-C57D-4574-A857-E4AC3D841B2A}"
	ProjectSection(ProjectDependencies) = postProject
	EndProjectSection
EndProject
Project("{FAE04EC0-301F-11D3-BF4B-00C04F79EFBC}") = "Estatística.Db.Web", "..\Estatística.Db.Web\Estatística.Db.Web.csproj", "{89BEF13B-D1BE-4EEE-9255-F3F2B2317FDB}"
	ProjectSection(ProjectDependencies) = postProject
	EndProjectSection
EndProject
Global
	GlobalSection(SolutionConfiguration) = preSolution
		Debug = Debug
		Release = Release
	EndGlobalSection
	GlobalSection(ProjectConfiguration) = postSolution
		{417E2977-B1BF-4FCE-B3F4-C55979EBA58A}.Debug.ActiveCfg = Debug|.NET
		{417E2977-B1BF-4FCE-B3F4-C55979EBA58A}.Debug.Build.0 = Debug|.NET
		{417E2977-B1BF-4FCE-B3F4-C55979EBA58A}.Release.ActiveCfg = Release|.NET
		{417E2977-B1BF-4FCE-B3F4-C55979EBA58A}.Release.Build.0 = Release|.NET
		{E1FBB73F-734A-4643-ACF9-0251F36F857E}.Debug.ActiveCfg = Debug|.NET
		{E1FBB73F-734A-4643-ACF9-0251F36F857E}.Debug.Build.0 = Debug|.NET
		{E1FBB73F-734A-4643-ACF9-0251F36F857E}.Release.ActiveCfg = Release|.NET
		{E1FBB73F-734A-4643-ACF9-0251F36F857E}.Release.Build.0 = Release|.NET
		{C5A4339F-C57D-4574-A857-E4AC3D841B2A}.Debug.ActiveCfg = Debug|.NET
		{C5A4339F-C57D-4574-A857-E4AC3D841B2A}.Debug.Build.0 = Debug|.NET
		{C5A4339F-C57D-4574-A857-E4AC3D841B2A}.Release.ActiveCfg = Release|.NET
		{C5A4339F-C57D-4574-A857-E4AC3D841B2A}.Release.Build.0 = Release|.NET
		{89BEF13B-D1BE-4EEE-9255-F3F2B2317FDB}.Debug.ActiveCfg = Debug|.NET
		{89BEF13B-D1BE-4EEE-9255-F3F2B2317FDB}.Debug.Build.0 = Debug|.NET
		{89BEF13B-D1BE-4EEE-9255-F3F2B2317FDB}.Release.ActiveCfg = Release|.NET
		{89BEF13B-D1BE-4EEE-9255-F3F2B2317FDB}.Release.Build.0 = Release|.NET
	EndGlobalSection
	GlobalSection(SolutionItems) = postSolution
		..\..\Portal Interno\relatorio\Graficos\definicoes.xml = ..\..\Portal Interno\relatorio\Graficos\definicoes.xml
	EndGlobalSection
	GlobalSection(ExtensibilityGlobals) = postSolution
	EndGlobalSection
	GlobalSection(ExtensibilityAddIns) = postSolution
	EndGlobalSection
EndGlobal
