Microsoft Visual Studio Solution File, Format Version 12.00
# Visual Studio 14
VisualStudioVersion = 14.0.24720.0
MinimumVisualStudioVersion = 10.0.40219.1
Project("{FAE04EC0-301F-11D3-BF4B-00C04F79EFBC}") = "Report", "..\Report\Report.csproj", "{D57011E1-546B-437E-8999-A3C90C0A733F}"
EndProject
Project("{FAE04EC0-301F-11D3-BF4B-00C04F79EFBC}") = "Programa.Cofre", "Programa.Cofre\Programa.Cofre.csproj", "{E6354C79-9CC9-4236-8FB9-B822E0B31CEC}"
EndProject
Project("{FAE04EC0-301F-11D3-BF4B-00C04F79EFBC}") = "Report.Designer", "..\Report.Designer\Report.Designer.csproj", "{DC9AFDE0-44F3-4BAF-A9AD-64DD2A7EDAE0}"
EndProject
Project("{FAE04EC0-301F-11D3-BF4B-00C04F79EFBC}") = "Programa.Recepção", "Programa.Recepção\Programa.Recepção.csproj", "{419E72D5-4B39-4532-9A8A-89A11F002A79}"
EndProject
Project("{FAE04EC0-301F-11D3-BF4B-00C04F79EFBC}") = "Negócio", "Negócio\Negócio.csproj", "{80F2CB41-B349-4349-8667-E67C50CD79CF}"
EndProject
Project("{FAE04EC0-301F-11D3-BF4B-00C04F79EFBC}") = "Report.Designer.Editor", "..\Report\Designer\Report.Designer.Editor.csproj", "{BCC4F834-9977-4F94-9420-9109A7BC9778}"
EndProject
Project("{FAE04EC0-301F-11D3-BF4B-00C04F79EFBC}") = "Programa.ProtetorTela", "Programa.ProtetorTela\Programa.ProtetorTela.csproj", "{7EBCFA0F-9609-4F1E-819D-8CF94F1C29BC}"
EndProject
Project("{FAE04EC0-301F-11D3-BF4B-00C04F79EFBC}") = "Entidades", "Entidades\Entidades.csproj", "{E1A76D2D-85F3-4202-B316-3C6BDD3220F9}"
EndProject
Project("{FAE04EC0-301F-11D3-BF4B-00C04F79EFBC}") = "Acesso.Comum", "Acesso.Comum\Acesso.Comum.csproj", "{48DA2925-CF1F-4875-8A00-6851C7ABEEB8}"
EndProject
Project("{FAE04EC0-301F-11D3-BF4B-00C04F79EFBC}") = "Acesso - MySQL", "Acesso - MySQL\Acesso - MySQL.csproj", "{8490E476-B38E-4405-A1B2-24BF7F20343F}"
EndProject
Project("{FAE04EC0-301F-11D3-BF4B-00C04F79EFBC}") = "Apresentação", "Apresentação\Apresentação.csproj", "{6AA4653A-554C-4A2D-92EF-CBC55B57FCED}"
EndProject
Project("{FAE04EC0-301F-11D3-BF4B-00C04F79EFBC}") = "CódigoDeBarras", "..\CódigoDeBarras\CódigoDeBarras.csproj", "{6CECA623-BA18-49B1-8298-4F1DCB192F29}"
EndProject
Project("{FAE04EC0-301F-11D3-BF4B-00C04F79EFBC}") = "EntidadesTest", "EntidadesTest\EntidadesTest.csproj", "{13A598CA-6D59-492D-AA05-F34E8689D8AD}"
EndProject
Project("{FAE04EC0-301F-11D3-BF4B-00C04F79EFBC}") = "Balloon.NET", "..\Balloon.NET\Balloon.NET.csproj", "{0E6F1B58-B832-4D96-9BE9-A61DDAA18C4C}"
EndProject
Project("{FAE04EC0-301F-11D3-BF4B-00C04F79EFBC}") = "TextBox", "..\ValidatingText\TextBox.csproj", "{6BF0180E-73ED-4DBC-9AE2-8597A4D18E6D}"
EndProject
Global
	GlobalSection(SolutionConfigurationPlatforms) = preSolution
		Debug|Any CPU = Debug|Any CPU
		Debug|x64 = Debug|x64
		Debug|x86 = Debug|x86
		Release|Any CPU = Release|Any CPU
		Release|x64 = Release|x64
		Release|x86 = Release|x86
	EndGlobalSection
	GlobalSection(ProjectConfigurationPlatforms) = postSolution
		{D57011E1-546B-437E-8999-A3C90C0A733F}.Debug|Any CPU.ActiveCfg = Debug|Any CPU
		{D57011E1-546B-437E-8999-A3C90C0A733F}.Debug|Any CPU.Build.0 = Debug|Any CPU
		{D57011E1-546B-437E-8999-A3C90C0A733F}.Debug|x64.ActiveCfg = Debug|x64
		{D57011E1-546B-437E-8999-A3C90C0A733F}.Debug|x64.Build.0 = Debug|x64
		{D57011E1-546B-437E-8999-A3C90C0A733F}.Debug|x86.ActiveCfg = Debug|Any CPU
		{D57011E1-546B-437E-8999-A3C90C0A733F}.Debug|x86.Build.0 = Debug|Any CPU
		{D57011E1-546B-437E-8999-A3C90C0A733F}.Release|Any CPU.ActiveCfg = Release|Any CPU
		{D57011E1-546B-437E-8999-A3C90C0A733F}.Release|Any CPU.Build.0 = Release|Any CPU
		{D57011E1-546B-437E-8999-A3C90C0A733F}.Release|x64.ActiveCfg = Release|x64
		{D57011E1-546B-437E-8999-A3C90C0A733F}.Release|x64.Build.0 = Release|x64
		{D57011E1-546B-437E-8999-A3C90C0A733F}.Release|x86.ActiveCfg = Release|x86
		{D57011E1-546B-437E-8999-A3C90C0A733F}.Release|x86.Build.0 = Release|x86
		{E6354C79-9CC9-4236-8FB9-B822E0B31CEC}.Debug|Any CPU.ActiveCfg = Debug|Any CPU
		{E6354C79-9CC9-4236-8FB9-B822E0B31CEC}.Debug|Any CPU.Build.0 = Debug|Any CPU
		{E6354C79-9CC9-4236-8FB9-B822E0B31CEC}.Debug|x64.ActiveCfg = Debug|x64
		{E6354C79-9CC9-4236-8FB9-B822E0B31CEC}.Debug|x64.Build.0 = Debug|x64
		{E6354C79-9CC9-4236-8FB9-B822E0B31CEC}.Debug|x86.ActiveCfg = Debug|Any CPU
		{E6354C79-9CC9-4236-8FB9-B822E0B31CEC}.Debug|x86.Build.0 = Debug|Any CPU
		{E6354C79-9CC9-4236-8FB9-B822E0B31CEC}.Release|Any CPU.ActiveCfg = Release|Any CPU
		{E6354C79-9CC9-4236-8FB9-B822E0B31CEC}.Release|Any CPU.Build.0 = Release|Any CPU
		{E6354C79-9CC9-4236-8FB9-B822E0B31CEC}.Release|x64.ActiveCfg = Release|x64
		{E6354C79-9CC9-4236-8FB9-B822E0B31CEC}.Release|x64.Build.0 = Release|x64
		{E6354C79-9CC9-4236-8FB9-B822E0B31CEC}.Release|x86.ActiveCfg = Release|x86
		{E6354C79-9CC9-4236-8FB9-B822E0B31CEC}.Release|x86.Build.0 = Release|x86
		{DC9AFDE0-44F3-4BAF-A9AD-64DD2A7EDAE0}.Debug|Any CPU.ActiveCfg = Debug|Any CPU
		{DC9AFDE0-44F3-4BAF-A9AD-64DD2A7EDAE0}.Debug|Any CPU.Build.0 = Debug|Any CPU
		{DC9AFDE0-44F3-4BAF-A9AD-64DD2A7EDAE0}.Debug|x64.ActiveCfg = Debug|x64
		{DC9AFDE0-44F3-4BAF-A9AD-64DD2A7EDAE0}.Debug|x64.Build.0 = Debug|x64
		{DC9AFDE0-44F3-4BAF-A9AD-64DD2A7EDAE0}.Debug|x86.ActiveCfg = Debug|Any CPU
		{DC9AFDE0-44F3-4BAF-A9AD-64DD2A7EDAE0}.Debug|x86.Build.0 = Debug|Any CPU
		{DC9AFDE0-44F3-4BAF-A9AD-64DD2A7EDAE0}.Release|Any CPU.ActiveCfg = Release|Any CPU
		{DC9AFDE0-44F3-4BAF-A9AD-64DD2A7EDAE0}.Release|Any CPU.Build.0 = Release|Any CPU
		{DC9AFDE0-44F3-4BAF-A9AD-64DD2A7EDAE0}.Release|x64.ActiveCfg = Release|x64
		{DC9AFDE0-44F3-4BAF-A9AD-64DD2A7EDAE0}.Release|x64.Build.0 = Release|x64
		{DC9AFDE0-44F3-4BAF-A9AD-64DD2A7EDAE0}.Release|x86.ActiveCfg = Release|x86
		{DC9AFDE0-44F3-4BAF-A9AD-64DD2A7EDAE0}.Release|x86.Build.0 = Release|x86
		{419E72D5-4B39-4532-9A8A-89A11F002A79}.Debug|Any CPU.ActiveCfg = Debug|Any CPU
		{419E72D5-4B39-4532-9A8A-89A11F002A79}.Debug|Any CPU.Build.0 = Debug|Any CPU
		{419E72D5-4B39-4532-9A8A-89A11F002A79}.Debug|x64.ActiveCfg = Debug|x64
		{419E72D5-4B39-4532-9A8A-89A11F002A79}.Debug|x64.Build.0 = Debug|x64
		{419E72D5-4B39-4532-9A8A-89A11F002A79}.Debug|x86.ActiveCfg = Debug|Any CPU
		{419E72D5-4B39-4532-9A8A-89A11F002A79}.Debug|x86.Build.0 = Debug|Any CPU
		{419E72D5-4B39-4532-9A8A-89A11F002A79}.Release|Any CPU.ActiveCfg = Release|Any CPU
		{419E72D5-4B39-4532-9A8A-89A11F002A79}.Release|Any CPU.Build.0 = Release|Any CPU
		{419E72D5-4B39-4532-9A8A-89A11F002A79}.Release|x64.ActiveCfg = Release|x64
		{419E72D5-4B39-4532-9A8A-89A11F002A79}.Release|x64.Build.0 = Release|x64
		{419E72D5-4B39-4532-9A8A-89A11F002A79}.Release|x86.ActiveCfg = Release|x86
		{419E72D5-4B39-4532-9A8A-89A11F002A79}.Release|x86.Build.0 = Release|x86
		{80F2CB41-B349-4349-8667-E67C50CD79CF}.Debug|Any CPU.ActiveCfg = Debug|Any CPU
		{80F2CB41-B349-4349-8667-E67C50CD79CF}.Debug|Any CPU.Build.0 = Debug|Any CPU
		{80F2CB41-B349-4349-8667-E67C50CD79CF}.Debug|x64.ActiveCfg = Debug|x64
		{80F2CB41-B349-4349-8667-E67C50CD79CF}.Debug|x64.Build.0 = Debug|x64
		{80F2CB41-B349-4349-8667-E67C50CD79CF}.Debug|x86.ActiveCfg = Debug|Any CPU
		{80F2CB41-B349-4349-8667-E67C50CD79CF}.Debug|x86.Build.0 = Debug|Any CPU
		{80F2CB41-B349-4349-8667-E67C50CD79CF}.Release|Any CPU.ActiveCfg = Release|Any CPU
		{80F2CB41-B349-4349-8667-E67C50CD79CF}.Release|Any CPU.Build.0 = Release|Any CPU
		{80F2CB41-B349-4349-8667-E67C50CD79CF}.Release|x64.ActiveCfg = Release|x64
		{80F2CB41-B349-4349-8667-E67C50CD79CF}.Release|x64.Build.0 = Release|x64
		{80F2CB41-B349-4349-8667-E67C50CD79CF}.Release|x86.ActiveCfg = Release|x86
		{80F2CB41-B349-4349-8667-E67C50CD79CF}.Release|x86.Build.0 = Release|x86
		{BCC4F834-9977-4F94-9420-9109A7BC9778}.Debug|Any CPU.ActiveCfg = Debug|Any CPU
		{BCC4F834-9977-4F94-9420-9109A7BC9778}.Debug|Any CPU.Build.0 = Debug|Any CPU
		{BCC4F834-9977-4F94-9420-9109A7BC9778}.Debug|x64.ActiveCfg = Debug|x64
		{BCC4F834-9977-4F94-9420-9109A7BC9778}.Debug|x64.Build.0 = Debug|x64
		{BCC4F834-9977-4F94-9420-9109A7BC9778}.Debug|x86.ActiveCfg = Debug|Any CPU
		{BCC4F834-9977-4F94-9420-9109A7BC9778}.Debug|x86.Build.0 = Debug|Any CPU
		{BCC4F834-9977-4F94-9420-9109A7BC9778}.Release|Any CPU.ActiveCfg = Release|Any CPU
		{BCC4F834-9977-4F94-9420-9109A7BC9778}.Release|Any CPU.Build.0 = Release|Any CPU
		{BCC4F834-9977-4F94-9420-9109A7BC9778}.Release|x64.ActiveCfg = Release|x64
		{BCC4F834-9977-4F94-9420-9109A7BC9778}.Release|x64.Build.0 = Release|x64
		{BCC4F834-9977-4F94-9420-9109A7BC9778}.Release|x86.ActiveCfg = Release|x86
		{BCC4F834-9977-4F94-9420-9109A7BC9778}.Release|x86.Build.0 = Release|x86
		{7EBCFA0F-9609-4F1E-819D-8CF94F1C29BC}.Debug|Any CPU.ActiveCfg = Debug|Any CPU
		{7EBCFA0F-9609-4F1E-819D-8CF94F1C29BC}.Debug|Any CPU.Build.0 = Debug|Any CPU
		{7EBCFA0F-9609-4F1E-819D-8CF94F1C29BC}.Debug|x64.ActiveCfg = Debug|x64
		{7EBCFA0F-9609-4F1E-819D-8CF94F1C29BC}.Debug|x64.Build.0 = Debug|x64
		{7EBCFA0F-9609-4F1E-819D-8CF94F1C29BC}.Debug|x86.ActiveCfg = Debug|Any CPU
		{7EBCFA0F-9609-4F1E-819D-8CF94F1C29BC}.Debug|x86.Build.0 = Debug|Any CPU
		{7EBCFA0F-9609-4F1E-819D-8CF94F1C29BC}.Release|Any CPU.ActiveCfg = Release|Any CPU
		{7EBCFA0F-9609-4F1E-819D-8CF94F1C29BC}.Release|Any CPU.Build.0 = Release|Any CPU
		{7EBCFA0F-9609-4F1E-819D-8CF94F1C29BC}.Release|x64.ActiveCfg = Release|x64
		{7EBCFA0F-9609-4F1E-819D-8CF94F1C29BC}.Release|x64.Build.0 = Release|x64
		{7EBCFA0F-9609-4F1E-819D-8CF94F1C29BC}.Release|x86.ActiveCfg = Release|x86
		{7EBCFA0F-9609-4F1E-819D-8CF94F1C29BC}.Release|x86.Build.0 = Release|x86
		{E1A76D2D-85F3-4202-B316-3C6BDD3220F9}.Debug|Any CPU.ActiveCfg = Debug|Any CPU
		{E1A76D2D-85F3-4202-B316-3C6BDD3220F9}.Debug|Any CPU.Build.0 = Debug|Any CPU
		{E1A76D2D-85F3-4202-B316-3C6BDD3220F9}.Debug|x64.ActiveCfg = Debug|x64
		{E1A76D2D-85F3-4202-B316-3C6BDD3220F9}.Debug|x64.Build.0 = Debug|x64
		{E1A76D2D-85F3-4202-B316-3C6BDD3220F9}.Debug|x86.ActiveCfg = Debug|Any CPU
		{E1A76D2D-85F3-4202-B316-3C6BDD3220F9}.Debug|x86.Build.0 = Debug|Any CPU
		{E1A76D2D-85F3-4202-B316-3C6BDD3220F9}.Release|Any CPU.ActiveCfg = Release|Any CPU
		{E1A76D2D-85F3-4202-B316-3C6BDD3220F9}.Release|Any CPU.Build.0 = Release|Any CPU
		{E1A76D2D-85F3-4202-B316-3C6BDD3220F9}.Release|x64.ActiveCfg = Release|x64
		{E1A76D2D-85F3-4202-B316-3C6BDD3220F9}.Release|x64.Build.0 = Release|x64
		{E1A76D2D-85F3-4202-B316-3C6BDD3220F9}.Release|x86.ActiveCfg = Release|x86
		{E1A76D2D-85F3-4202-B316-3C6BDD3220F9}.Release|x86.Build.0 = Release|x86
		{48DA2925-CF1F-4875-8A00-6851C7ABEEB8}.Debug|Any CPU.ActiveCfg = Debug|Any CPU
		{48DA2925-CF1F-4875-8A00-6851C7ABEEB8}.Debug|Any CPU.Build.0 = Debug|Any CPU
		{48DA2925-CF1F-4875-8A00-6851C7ABEEB8}.Debug|x64.ActiveCfg = Debug|x64
		{48DA2925-CF1F-4875-8A00-6851C7ABEEB8}.Debug|x64.Build.0 = Debug|x64
		{48DA2925-CF1F-4875-8A00-6851C7ABEEB8}.Debug|x86.ActiveCfg = Debug|Any CPU
		{48DA2925-CF1F-4875-8A00-6851C7ABEEB8}.Debug|x86.Build.0 = Debug|Any CPU
		{48DA2925-CF1F-4875-8A00-6851C7ABEEB8}.Release|Any CPU.ActiveCfg = Release|Any CPU
		{48DA2925-CF1F-4875-8A00-6851C7ABEEB8}.Release|Any CPU.Build.0 = Release|Any CPU
		{48DA2925-CF1F-4875-8A00-6851C7ABEEB8}.Release|x64.ActiveCfg = Release|x64
		{48DA2925-CF1F-4875-8A00-6851C7ABEEB8}.Release|x64.Build.0 = Release|x64
		{48DA2925-CF1F-4875-8A00-6851C7ABEEB8}.Release|x86.ActiveCfg = Release|x86
		{48DA2925-CF1F-4875-8A00-6851C7ABEEB8}.Release|x86.Build.0 = Release|x86
		{8490E476-B38E-4405-A1B2-24BF7F20343F}.Debug|Any CPU.ActiveCfg = Debug|Any CPU
		{8490E476-B38E-4405-A1B2-24BF7F20343F}.Debug|Any CPU.Build.0 = Debug|Any CPU
		{8490E476-B38E-4405-A1B2-24BF7F20343F}.Debug|x64.ActiveCfg = Debug|x64
		{8490E476-B38E-4405-A1B2-24BF7F20343F}.Debug|x64.Build.0 = Debug|x64
		{8490E476-B38E-4405-A1B2-24BF7F20343F}.Debug|x86.ActiveCfg = Debug|Any CPU
		{8490E476-B38E-4405-A1B2-24BF7F20343F}.Debug|x86.Build.0 = Debug|Any CPU
		{8490E476-B38E-4405-A1B2-24BF7F20343F}.Release|Any CPU.ActiveCfg = Release|Any CPU
		{8490E476-B38E-4405-A1B2-24BF7F20343F}.Release|Any CPU.Build.0 = Release|Any CPU
		{8490E476-B38E-4405-A1B2-24BF7F20343F}.Release|x64.ActiveCfg = Release|x64
		{8490E476-B38E-4405-A1B2-24BF7F20343F}.Release|x64.Build.0 = Release|x64
		{8490E476-B38E-4405-A1B2-24BF7F20343F}.Release|x86.ActiveCfg = Release|x86
		{8490E476-B38E-4405-A1B2-24BF7F20343F}.Release|x86.Build.0 = Release|x86
		{6AA4653A-554C-4A2D-92EF-CBC55B57FCED}.Debug|Any CPU.ActiveCfg = Debug|Any CPU
		{6AA4653A-554C-4A2D-92EF-CBC55B57FCED}.Debug|Any CPU.Build.0 = Debug|Any CPU
		{6AA4653A-554C-4A2D-92EF-CBC55B57FCED}.Debug|x64.ActiveCfg = Debug|x64
		{6AA4653A-554C-4A2D-92EF-CBC55B57FCED}.Debug|x64.Build.0 = Debug|x64
		{6AA4653A-554C-4A2D-92EF-CBC55B57FCED}.Debug|x86.ActiveCfg = Debug|Any CPU
		{6AA4653A-554C-4A2D-92EF-CBC55B57FCED}.Debug|x86.Build.0 = Debug|Any CPU
		{6AA4653A-554C-4A2D-92EF-CBC55B57FCED}.Release|Any CPU.ActiveCfg = Release|Any CPU
		{6AA4653A-554C-4A2D-92EF-CBC55B57FCED}.Release|Any CPU.Build.0 = Release|Any CPU
		{6AA4653A-554C-4A2D-92EF-CBC55B57FCED}.Release|x64.ActiveCfg = Release|x64
		{6AA4653A-554C-4A2D-92EF-CBC55B57FCED}.Release|x64.Build.0 = Release|x64
		{6AA4653A-554C-4A2D-92EF-CBC55B57FCED}.Release|x86.ActiveCfg = Release|x86
		{6AA4653A-554C-4A2D-92EF-CBC55B57FCED}.Release|x86.Build.0 = Release|x86
		{6CECA623-BA18-49B1-8298-4F1DCB192F29}.Debug|Any CPU.ActiveCfg = Debug|Any CPU
		{6CECA623-BA18-49B1-8298-4F1DCB192F29}.Debug|Any CPU.Build.0 = Debug|Any CPU
		{6CECA623-BA18-49B1-8298-4F1DCB192F29}.Debug|x64.ActiveCfg = Debug|x64
		{6CECA623-BA18-49B1-8298-4F1DCB192F29}.Debug|x64.Build.0 = Debug|x64
		{6CECA623-BA18-49B1-8298-4F1DCB192F29}.Debug|x86.ActiveCfg = Debug|Any CPU
		{6CECA623-BA18-49B1-8298-4F1DCB192F29}.Release|Any CPU.ActiveCfg = Release|Any CPU
		{6CECA623-BA18-49B1-8298-4F1DCB192F29}.Release|Any CPU.Build.0 = Release|Any CPU
		{6CECA623-BA18-49B1-8298-4F1DCB192F29}.Release|x64.ActiveCfg = Release|x64
		{6CECA623-BA18-49B1-8298-4F1DCB192F29}.Release|x64.Build.0 = Release|x64
		{6CECA623-BA18-49B1-8298-4F1DCB192F29}.Release|x64.Deploy.0 = Release|x64
		{6CECA623-BA18-49B1-8298-4F1DCB192F29}.Release|x86.ActiveCfg = Release|Any CPU
		{13A598CA-6D59-492D-AA05-F34E8689D8AD}.Debug|Any CPU.ActiveCfg = Debug|Any CPU
		{13A598CA-6D59-492D-AA05-F34E8689D8AD}.Debug|Any CPU.Build.0 = Debug|Any CPU
		{13A598CA-6D59-492D-AA05-F34E8689D8AD}.Debug|x64.ActiveCfg = Debug|x64
		{13A598CA-6D59-492D-AA05-F34E8689D8AD}.Debug|x64.Build.0 = Debug|x64
		{13A598CA-6D59-492D-AA05-F34E8689D8AD}.Debug|x86.ActiveCfg = Debug|Any CPU
		{13A598CA-6D59-492D-AA05-F34E8689D8AD}.Release|Any CPU.ActiveCfg = Release|Any CPU
		{13A598CA-6D59-492D-AA05-F34E8689D8AD}.Release|Any CPU.Build.0 = Release|Any CPU
		{13A598CA-6D59-492D-AA05-F34E8689D8AD}.Release|x64.ActiveCfg = Release|x64
		{13A598CA-6D59-492D-AA05-F34E8689D8AD}.Release|x64.Build.0 = Release|x64
		{13A598CA-6D59-492D-AA05-F34E8689D8AD}.Release|x86.ActiveCfg = Release|Any CPU
		{0E6F1B58-B832-4D96-9BE9-A61DDAA18C4C}.Debug|Any CPU.ActiveCfg = Debug|Any CPU
		{0E6F1B58-B832-4D96-9BE9-A61DDAA18C4C}.Debug|Any CPU.Build.0 = Debug|Any CPU
		{0E6F1B58-B832-4D96-9BE9-A61DDAA18C4C}.Debug|x64.ActiveCfg = Debug|x64
		{0E6F1B58-B832-4D96-9BE9-A61DDAA18C4C}.Debug|x64.Build.0 = Debug|x64
		{0E6F1B58-B832-4D96-9BE9-A61DDAA18C4C}.Debug|x86.ActiveCfg = Debug|x86
		{0E6F1B58-B832-4D96-9BE9-A61DDAA18C4C}.Debug|x86.Build.0 = Debug|x86
		{0E6F1B58-B832-4D96-9BE9-A61DDAA18C4C}.Release|Any CPU.ActiveCfg = Release|Any CPU
		{0E6F1B58-B832-4D96-9BE9-A61DDAA18C4C}.Release|Any CPU.Build.0 = Release|Any CPU
		{0E6F1B58-B832-4D96-9BE9-A61DDAA18C4C}.Release|x64.ActiveCfg = Release|x64
		{0E6F1B58-B832-4D96-9BE9-A61DDAA18C4C}.Release|x64.Build.0 = Release|x64
		{0E6F1B58-B832-4D96-9BE9-A61DDAA18C4C}.Release|x64.Deploy.0 = Release|x64
		{0E6F1B58-B832-4D96-9BE9-A61DDAA18C4C}.Release|x86.ActiveCfg = Release|x86
		{0E6F1B58-B832-4D96-9BE9-A61DDAA18C4C}.Release|x86.Build.0 = Release|x86
		{6BF0180E-73ED-4DBC-9AE2-8597A4D18E6D}.Debug|Any CPU.ActiveCfg = Debug|Any CPU
		{6BF0180E-73ED-4DBC-9AE2-8597A4D18E6D}.Debug|Any CPU.Build.0 = Debug|Any CPU
		{6BF0180E-73ED-4DBC-9AE2-8597A4D18E6D}.Debug|x64.ActiveCfg = Debug|x64
		{6BF0180E-73ED-4DBC-9AE2-8597A4D18E6D}.Debug|x64.Build.0 = Debug|x64
		{6BF0180E-73ED-4DBC-9AE2-8597A4D18E6D}.Debug|x86.ActiveCfg = Debug|x86
		{6BF0180E-73ED-4DBC-9AE2-8597A4D18E6D}.Debug|x86.Build.0 = Debug|x86
		{6BF0180E-73ED-4DBC-9AE2-8597A4D18E6D}.Release|Any CPU.ActiveCfg = Release|Any CPU
		{6BF0180E-73ED-4DBC-9AE2-8597A4D18E6D}.Release|Any CPU.Build.0 = Release|Any CPU
		{6BF0180E-73ED-4DBC-9AE2-8597A4D18E6D}.Release|x64.ActiveCfg = Release|x64
		{6BF0180E-73ED-4DBC-9AE2-8597A4D18E6D}.Release|x64.Build.0 = Release|x64
		{6BF0180E-73ED-4DBC-9AE2-8597A4D18E6D}.Release|x86.ActiveCfg = Release|x86
		{6BF0180E-73ED-4DBC-9AE2-8597A4D18E6D}.Release|x86.Build.0 = Release|x86
	EndGlobalSection
	GlobalSection(SolutionProperties) = preSolution
		HideSolutionNode = FALSE
	EndGlobalSection
EndGlobal
